
Microsoft Visual Studio Solution File, Format Version 12.00
# Visual Studio Version 17
VisualStudioVersion = 17.0.31903.59
MinimumVisualStudioVersion = 10.0.40219.1
Project("{FAE04EC0-301F-11D3-BF4B-00C04F79EFBC}") = "MethodsAndSuch", "MethodsAndSuch\MethodsAndSuch.csproj", "{D7465D1D-AB03-4BAC-8FCA-AFC03BC14693}"
EndProject
Project("{FAE04EC0-301F-11D3-BF4B-00C04F79EFBC}") = "MethodsAndSuch.Data", "MethodsAndSuch.Data\MethodsAndSuch.Data.csproj", "{FBE2E1C1-F633-41E1-900F-631E228510C1}"
EndProject
Project("{FAE04EC0-301F-11D3-BF4B-00C04F79EFBC}") = "MethodsAndSuch.Repository", "MethodsAndSuch.Repository\MethodsAndSuch.Repository.csproj", "{BC3AD6CF-5570-43D2-B5B6-0C0647C92272}"
EndProject
Global
	GlobalSection(SolutionConfigurationPlatforms) = preSolution
		Debug|Any CPU = Debug|Any CPU
		Release|Any CPU = Release|Any CPU
	EndGlobalSection
	GlobalSection(SolutionProperties) = preSolution
		HideSolutionNode = FALSE
	EndGlobalSection
	GlobalSection(ProjectConfigurationPlatforms) = postSolution
		{D7465D1D-AB03-4BAC-8FCA-AFC03BC14693}.Debug|Any CPU.ActiveCfg = Debug|Any CPU
		{D7465D1D-AB03-4BAC-8FCA-AFC03BC14693}.Debug|Any CPU.Build.0 = Debug|Any CPU
		{D7465D1D-AB03-4BAC-8FCA-AFC03BC14693}.Release|Any CPU.ActiveCfg = Release|Any CPU
		{D7465D1D-AB03-4BAC-8FCA-AFC03BC14693}.Release|Any CPU.Build.0 = Release|Any CPU
		{FBE2E1C1-F633-41E1-900F-631E228510C1}.Debug|Any CPU.ActiveCfg = Debug|Any CPU
		{FBE2E1C1-F633-41E1-900F-631E228510C1}.Debug|Any CPU.Build.0 = Debug|Any CPU
		{FBE2E1C1-F633-41E1-900F-631E228510C1}.Release|Any CPU.ActiveCfg = Release|Any CPU
		{FBE2E1C1-F633-41E1-900F-631E228510C1}.Release|Any CPU.Build.0 = Release|Any CPU
		{BC3AD6CF-5570-43D2-B5B6-0C0647C92272}.Debug|Any CPU.ActiveCfg = Debug|Any CPU
		{BC3AD6CF-5570-43D2-B5B6-0C0647C92272}.Debug|Any CPU.Build.0 = Debug|Any CPU
		{BC3AD6CF-5570-43D2-B5B6-0C0647C92272}.Release|Any CPU.ActiveCfg = Release|Any CPU
		{BC3AD6CF-5570-43D2-B5B6-0C0647C92272}.Release|Any CPU.Build.0 = Release|Any CPU
	EndGlobalSection
EndGlobal
